// !$*UTF8*$!
{
	archiveVersion = 1;
	classes = {
	};
	objectVersion = 51;
	objects = {

/* Begin PBXBuildFile section */
		75BF791924AA43520071B1C0 /* AppDelegate.swift in Sources */ = {isa = PBXBuildFile; fileRef = 75BF791824AA43520071B1C0 /* AppDelegate.swift */; };
		75BF791B24AA43520071B1C0 /* SceneDelegate.swift in Sources */ = {isa = PBXBuildFile; fileRef = 75BF791A24AA43520071B1C0 /* SceneDelegate.swift */; };
		75BF791D24AA43520071B1C0 /* ViewController.swift in Sources */ = {isa = PBXBuildFile; fileRef = 75BF791C24AA43520071B1C0 /* ViewController.swift */; };
		75BF792024AA43520071B1C0 /* Main.storyboard in Resources */ = {isa = PBXBuildFile; fileRef = 75BF791E24AA43520071B1C0 /* Main.storyboard */; };
		75BF792224AA43530071B1C0 /* Assets.xcassets in Resources */ = {isa = PBXBuildFile; fileRef = 75BF792124AA43530071B1C0 /* Assets.xcassets */; };
		75BF792524AA43530071B1C0 /* LaunchScreen.storyboard in Resources */ = {isa = PBXBuildFile; fileRef = 75BF792324AA43530071B1C0 /* LaunchScreen.storyboard */; };
		75BF793024AA43530071B1C0 /* TestLeoVegasTests.swift in Sources */ = {isa = PBXBuildFile; fileRef = 75BF792F24AA43530071B1C0 /* TestLeoVegasTests.swift */; };
		75BF793B24AA45950071B1C0 /* GoogleService-Info.plist in Resources */ = {isa = PBXBuildFile; fileRef = 75BF793A24AA45950071B1C0 /* GoogleService-Info.plist */; };
		75BF793D24AA47570071B1C0 /* Podfile in Resources */ = {isa = PBXBuildFile; fileRef = 75BF793C24AA47570071B1C0 /* Podfile */; };
		D21D947570BB933BBF46DDD2 /* libPods-TestLeoVegasTests.a in Frameworks */ = {isa = PBXBuildFile; fileRef = 7CAA337D68BA830DC8CA279B /* libPods-TestLeoVegasTests.a */; };
		E377508E9EF223C799494224 /* libPods-TestLeoVegas.a in Frameworks */ = {isa = PBXBuildFile; fileRef = 5C3504D10232D2140AE502AB /* libPods-TestLeoVegas.a */; };
/* End PBXBuildFile section */

/* Begin PBXContainerItemProxy section */
		75BF792C24AA43530071B1C0 /* PBXContainerItemProxy */ = {
			isa = PBXContainerItemProxy;
			containerPortal = 75BF790D24AA43520071B1C0 /* Project object */;
			proxyType = 1;
			remoteGlobalIDString = 75BF791424AA43520071B1C0;
			remoteInfo = TestLeoVegas;
		};
/* End PBXContainerItemProxy section */

/* Begin PBXFileReference section */
		0F30168700F97174E20C7285 /* Pods-TestLeoVegas.release.xcconfig */ = {isa = PBXFileReference; includeInIndex = 1; lastKnownFileType = text.xcconfig; name = "Pods-TestLeoVegas.release.xcconfig"; path = "Target Support Files/Pods-TestLeoVegas/Pods-TestLeoVegas.release.xcconfig"; sourceTree = "<group>"; };
		5B01D48A3B096F7FA7FD31BD /* Pods-TestLeoVegasTests.debug.xcconfig */ = {isa = PBXFileReference; includeInIndex = 1; lastKnownFileType = text.xcconfig; name = "Pods-TestLeoVegasTests.debug.xcconfig"; path = "Target Support Files/Pods-TestLeoVegasTests/Pods-TestLeoVegasTests.debug.xcconfig"; sourceTree = "<group>"; };
		5C3504D10232D2140AE502AB /* libPods-TestLeoVegas.a */ = {isa = PBXFileReference; explicitFileType = archive.ar; includeInIndex = 0; path = "libPods-TestLeoVegas.a"; sourceTree = BUILT_PRODUCTS_DIR; };
		75BF791524AA43520071B1C0 /* TestLeoVegas.app */ = {isa = PBXFileReference; explicitFileType = wrapper.application; includeInIndex = 0; path = TestLeoVegas.app; sourceTree = BUILT_PRODUCTS_DIR; };
		75BF791824AA43520071B1C0 /* AppDelegate.swift */ = {isa = PBXFileReference; lastKnownFileType = sourcecode.swift; path = AppDelegate.swift; sourceTree = "<group>"; };
		75BF791A24AA43520071B1C0 /* SceneDelegate.swift */ = {isa = PBXFileReference; lastKnownFileType = sourcecode.swift; path = SceneDelegate.swift; sourceTree = "<group>"; };
		75BF791C24AA43520071B1C0 /* ViewController.swift */ = {isa = PBXFileReference; lastKnownFileType = sourcecode.swift; path = ViewController.swift; sourceTree = "<group>"; };
		75BF791F24AA43520071B1C0 /* Base */ = {isa = PBXFileReference; lastKnownFileType = file.storyboard; name = Base; path = Base.lproj/Main.storyboard; sourceTree = "<group>"; };
		75BF792124AA43530071B1C0 /* Assets.xcassets */ = {isa = PBXFileReference; lastKnownFileType = folder.assetcatalog; path = Assets.xcassets; sourceTree = "<group>"; };
		75BF792424AA43530071B1C0 /* Base */ = {isa = PBXFileReference; lastKnownFileType = file.storyboard; name = Base; path = Base.lproj/LaunchScreen.storyboard; sourceTree = "<group>"; };
		75BF792624AA43530071B1C0 /* Info.plist */ = {isa = PBXFileReference; lastKnownFileType = text.plist.xml; path = Info.plist; sourceTree = "<group>"; };
		75BF792B24AA43530071B1C0 /* TestLeoVegasTests.xctest */ = {isa = PBXFileReference; explicitFileType = wrapper.cfbundle; includeInIndex = 0; path = TestLeoVegasTests.xctest; sourceTree = BUILT_PRODUCTS_DIR; };
		75BF792F24AA43530071B1C0 /* TestLeoVegasTests.swift */ = {isa = PBXFileReference; lastKnownFileType = sourcecode.swift; path = TestLeoVegasTests.swift; sourceTree = "<group>"; };
		75BF793124AA43530071B1C0 /* Info.plist */ = {isa = PBXFileReference; lastKnownFileType = text.plist.xml; path = Info.plist; sourceTree = "<group>"; };
		75BF793A24AA45950071B1C0 /* GoogleService-Info.plist */ = {isa = PBXFileReference; fileEncoding = 4; lastKnownFileType = text.plist.xml; path = "GoogleService-Info.plist"; sourceTree = "<group>"; };
		75BF793C24AA47570071B1C0 /* Podfile */ = {isa = PBXFileReference; fileEncoding = 4; lastKnownFileType = text; path = Podfile; sourceTree = "<group>"; xcLanguageSpecificationIdentifier = xcode.lang.ruby; };
		7CAA337D68BA830DC8CA279B /* libPods-TestLeoVegasTests.a */ = {isa = PBXFileReference; explicitFileType = archive.ar; includeInIndex = 0; path = "libPods-TestLeoVegasTests.a"; sourceTree = BUILT_PRODUCTS_DIR; };
		A215BD1049022C6391FEFD9A /* Pods-TestLeoVegas.debug.xcconfig */ = {isa = PBXFileReference; includeInIndex = 1; lastKnownFileType = text.xcconfig; name = "Pods-TestLeoVegas.debug.xcconfig"; path = "Target Support Files/Pods-TestLeoVegas/Pods-TestLeoVegas.debug.xcconfig"; sourceTree = "<group>"; };
		F2C9895F37AF03456145CE15 /* Pods-TestLeoVegasTests.release.xcconfig */ = {isa = PBXFileReference; includeInIndex = 1; lastKnownFileType = text.xcconfig; name = "Pods-TestLeoVegasTests.release.xcconfig"; path = "Target Support Files/Pods-TestLeoVegasTests/Pods-TestLeoVegasTests.release.xcconfig"; sourceTree = "<group>"; };
/* End PBXFileReference section */

/* Begin PBXFrameworksBuildPhase section */
		75BF791224AA43520071B1C0 /* Frameworks */ = {
			isa = PBXFrameworksBuildPhase;
			buildActionMask = 2147483647;
			files = (
				E377508E9EF223C799494224 /* libPods-TestLeoVegas.a in Frameworks */,
			);
			runOnlyForDeploymentPostprocessing = 0;
		};
		75BF792824AA43530071B1C0 /* Frameworks */ = {
			isa = PBXFrameworksBuildPhase;
			buildActionMask = 2147483647;
			files = (
				D21D947570BB933BBF46DDD2 /* libPods-TestLeoVegasTests.a in Frameworks */,
			);
			runOnlyForDeploymentPostprocessing = 0;
		};
/* End PBXFrameworksBuildPhase section */

/* Begin PBXGroup section */
		5A042EC0DBF0AFB2760D4AB5 /* Frameworks */ = {
			isa = PBXGroup;
			children = (
				5C3504D10232D2140AE502AB /* libPods-TestLeoVegas.a */,
				7CAA337D68BA830DC8CA279B /* libPods-TestLeoVegasTests.a */,
			);
			name = Frameworks;
			sourceTree = "<group>";
		};
		75BF790C24AA43520071B1C0 = {
			isa = PBXGroup;
			children = (
				75BF793C24AA47570071B1C0 /* Podfile */,
				75BF791724AA43520071B1C0 /* TestLeoVegas */,
				75BF792E24AA43530071B1C0 /* TestLeoVegasTests */,
				75BF791624AA43520071B1C0 /* Products */,
				8710FC8BCB5174951CD97BF0 /* Pods */,
				5A042EC0DBF0AFB2760D4AB5 /* Frameworks */,
			);
			sourceTree = "<group>";
		};
		75BF791624AA43520071B1C0 /* Products */ = {
			isa = PBXGroup;
			children = (
				75BF791524AA43520071B1C0 /* TestLeoVegas.app */,
				75BF792B24AA43530071B1C0 /* TestLeoVegasTests.xctest */,
			);
			name = Products;
			sourceTree = "<group>";
		};
		75BF791724AA43520071B1C0 /* TestLeoVegas */ = {
			isa = PBXGroup;
			children = (
				75BF791824AA43520071B1C0 /* AppDelegate.swift */,
				75BF791A24AA43520071B1C0 /* SceneDelegate.swift */,
				75BF791C24AA43520071B1C0 /* ViewController.swift */,
				75BF791E24AA43520071B1C0 /* Main.storyboard */,
				75BF792124AA43530071B1C0 /* Assets.xcassets */,
				75BF792324AA43530071B1C0 /* LaunchScreen.storyboard */,
				75BF792624AA43530071B1C0 /* Info.plist */,
				75BF793A24AA45950071B1C0 /* GoogleService-Info.plist */,
			);
			path = TestLeoVegas;
			sourceTree = "<group>";
		};
		75BF792E24AA43530071B1C0 /* TestLeoVegasTests */ = {
			isa = PBXGroup;
			children = (
				75BF792F24AA43530071B1C0 /* TestLeoVegasTests.swift */,
				75BF793124AA43530071B1C0 /* Info.plist */,
			);
			path = TestLeoVegasTests;
			sourceTree = "<group>";
		};
		8710FC8BCB5174951CD97BF0 /* Pods */ = {
			isa = PBXGroup;
			children = (
				A215BD1049022C6391FEFD9A /* Pods-TestLeoVegas.debug.xcconfig */,
				0F30168700F97174E20C7285 /* Pods-TestLeoVegas.release.xcconfig */,
				5B01D48A3B096F7FA7FD31BD /* Pods-TestLeoVegasTests.debug.xcconfig */,
				F2C9895F37AF03456145CE15 /* Pods-TestLeoVegasTests.release.xcconfig */,
			);
			path = Pods;
			sourceTree = "<group>";
		};
/* End PBXGroup section */

/* Begin PBXNativeTarget section */
		75BF791424AA43520071B1C0 /* TestLeoVegas */ = {
			isa = PBXNativeTarget;
			buildConfigurationList = 75BF793424AA43530071B1C0 /* Build configuration list for PBXNativeTarget "TestLeoVegas" */;
			buildPhases = (
				D2C4A87A138365D3E63BC014 /* [CP] Check Pods Manifest.lock */,
				75BF791124AA43520071B1C0 /* Sources */,
				75BF791224AA43520071B1C0 /* Frameworks */,
				75BF791324AA43520071B1C0 /* Resources */,
			);
			buildRules = (
			);
			dependencies = (
			);
			name = TestLeoVegas;
			productName = TestLeoVegas;
			productReference = 75BF791524AA43520071B1C0 /* TestLeoVegas.app */;
			productType = "com.apple.product-type.application";
		};
		75BF792A24AA43530071B1C0 /* TestLeoVegasTests */ = {
			isa = PBXNativeTarget;
			buildConfigurationList = 75BF793724AA43530071B1C0 /* Build configuration list for PBXNativeTarget "TestLeoVegasTests" */;
			buildPhases = (
				979D9FDD409071F31D5D3D26 /* [CP] Check Pods Manifest.lock */,
				75BF792724AA43530071B1C0 /* Sources */,
				75BF792824AA43530071B1C0 /* Frameworks */,
				75BF792924AA43530071B1C0 /* Resources */,
			);
			buildRules = (
			);
			dependencies = (
				75BF792D24AA43530071B1C0 /* PBXTargetDependency */,
			);
			name = TestLeoVegasTests;
			productName = TestLeoVegasTests;
			productReference = 75BF792B24AA43530071B1C0 /* TestLeoVegasTests.xctest */;
			productType = "com.apple.product-type.bundle.unit-test";
		};
/* End PBXNativeTarget section */

/* Begin PBXProject section */
		75BF790D24AA43520071B1C0 /* Project object */ = {
			isa = PBXProject;
			attributes = {
				LastSwiftUpdateCheck = 1150;
				LastUpgradeCheck = 1150;
				ORGANIZATIONNAME = "Ginés Sanchez";
				TargetAttributes = {
					75BF791424AA43520071B1C0 = {
						CreatedOnToolsVersion = 11.5;
					};
					75BF792A24AA43530071B1C0 = {
						CreatedOnToolsVersion = 11.5;
						TestTargetID = 75BF791424AA43520071B1C0;
					};
				};
			};
			buildConfigurationList = 75BF791024AA43520071B1C0 /* Build configuration list for PBXProject "TestLeoVegas" */;
			compatibilityVersion = "Xcode 9.3";
			developmentRegion = en;
			hasScannedForEncodings = 0;
			knownRegions = (
				en,
				Base,
			);
			mainGroup = 75BF790C24AA43520071B1C0;
			productRefGroup = 75BF791624AA43520071B1C0 /* Products */;
			projectDirPath = "";
			projectRoot = "";
			targets = (
				75BF791424AA43520071B1C0 /* TestLeoVegas */,
				75BF792A24AA43530071B1C0 /* TestLeoVegasTests */,
			);
		};
/* End PBXProject section */

/* Begin PBXResourcesBuildPhase section */
		75BF791324AA43520071B1C0 /* Resources */ = {
			isa = PBXResourcesBuildPhase;
			buildActionMask = 2147483647;
			files = (
				75BF793D24AA47570071B1C0 /* Podfile in Resources */,
				75BF792524AA43530071B1C0 /* LaunchScreen.storyboard in Resources */,
				75BF793B24AA45950071B1C0 /* GoogleService-Info.plist in Resources */,
				75BF792224AA43530071B1C0 /* Assets.xcassets in Resources */,
				75BF792024AA43520071B1C0 /* Main.storyboard in Resources */,
			);
			runOnlyForDeploymentPostprocessing = 0;
		};
		75BF792924AA43530071B1C0 /* Resources */ = {
			isa = PBXResourcesBuildPhase;
			buildActionMask = 2147483647;
			files = (
			);
			runOnlyForDeploymentPostprocessing = 0;
		};
/* End PBXResourcesBuildPhase section */

/* Begin PBXShellScriptBuildPhase section */
		979D9FDD409071F31D5D3D26 /* [CP] Check Pods Manifest.lock */ = {
			isa = PBXShellScriptBuildPhase;
			buildActionMask = 2147483647;
			files = (
			);
			inputFileListPaths = (
			);
			inputPaths = (
				"${PODS_PODFILE_DIR_PATH}/Podfile.lock",
				"${PODS_ROOT}/Manifest.lock",
			);
			name = "[CP] Check Pods Manifest.lock";
			outputFileListPaths = (
			);
			outputPaths = (
				"$(DERIVED_FILE_DIR)/Pods-TestLeoVegasTests-checkManifestLockResult.txt",
			);
			runOnlyForDeploymentPostprocessing = 0;
			shellPath = /bin/sh;
			shellScript = "diff \"${PODS_PODFILE_DIR_PATH}/Podfile.lock\" \"${PODS_ROOT}/Manifest.lock\" > /dev/null\nif [ $? != 0 ] ; then\n    # print error to STDERR\n    echo \"error: The sandbox is not in sync with the Podfile.lock. Run 'pod install' or update your CocoaPods installation.\" >&2\n    exit 1\nfi\n# This output is used by Xcode 'outputs' to avoid re-running this script phase.\necho \"SUCCESS\" > \"${SCRIPT_OUTPUT_FILE_0}\"\n";
			showEnvVarsInLog = 0;
		};
		D2C4A87A138365D3E63BC014 /* [CP] Check Pods Manifest.lock */ = {
			isa = PBXShellScriptBuildPhase;
			buildActionMask = 2147483647;
			files = (
			);
			inputFileListPaths = (
			);
			inputPaths = (
				"${PODS_PODFILE_DIR_PATH}/Podfile.lock",
				"${PODS_ROOT}/Manifest.lock",
			);
			name = "[CP] Check Pods Manifest.lock";
			outputFileListPaths = (
			);
			outputPaths = (
				"$(DERIVED_FILE_DIR)/Pods-TestLeoVegas-checkManifestLockResult.txt",
			);
			runOnlyForDeploymentPostprocessing = 0;
			shellPath = /bin/sh;
			shellScript = "diff \"${PODS_PODFILE_DIR_PATH}/Podfile.lock\" \"${PODS_ROOT}/Manifest.lock\" > /dev/null\nif [ $? != 0 ] ; then\n    # print error to STDERR\n    echo \"error: The sandbox is not in sync with the Podfile.lock. Run 'pod install' or update your CocoaPods installation.\" >&2\n    exit 1\nfi\n# This output is used by Xcode 'outputs' to avoid re-running this script phase.\necho \"SUCCESS\" > \"${SCRIPT_OUTPUT_FILE_0}\"\n";
			showEnvVarsInLog = 0;
		};
/* End PBXShellScriptBuildPhase section */

/* Begin PBXSourcesBuildPhase section */
		75BF791124AA43520071B1C0 /* Sources */ = {
			isa = PBXSourcesBuildPhase;
			buildActionMask = 2147483647;
			files = (
				75BF791D24AA43520071B1C0 /* ViewController.swift in Sources */,
				75BF791924AA43520071B1C0 /* AppDelegate.swift in Sources */,
				75BF791B24AA43520071B1C0 /* SceneDelegate.swift in Sources */,
			);
			runOnlyForDeploymentPostprocessing = 0;
		};
		75BF792724AA43530071B1C0 /* Sources */ = {
			isa = PBXSourcesBuildPhase;
			buildActionMask = 2147483647;
			files = (
				75BF793024AA43530071B1C0 /* TestLeoVegasTests.swift in Sources */,
			);
			runOnlyForDeploymentPostprocessing = 0;
		};
/* End PBXSourcesBuildPhase section */

/* Begin PBXTargetDependency section */
		75BF792D24AA43530071B1C0 /* PBXTargetDependency */ = {
			isa = PBXTargetDependency;
			target = 75BF791424AA43520071B1C0 /* TestLeoVegas */;
			targetProxy = 75BF792C24AA43530071B1C0 /* PBXContainerItemProxy */;
		};
/* End PBXTargetDependency section */

/* Begin PBXVariantGroup section */
		75BF791E24AA43520071B1C0 /* Main.storyboard */ = {
			isa = PBXVariantGroup;
			children = (
				75BF791F24AA43520071B1C0 /* Base */,
			);
			name = Main.storyboard;
			sourceTree = "<group>";
		};
		75BF792324AA43530071B1C0 /* LaunchScreen.storyboard */ = {
			isa = PBXVariantGroup;
			children = (
				75BF792424AA43530071B1C0 /* Base */,
			);
			name = LaunchScreen.storyboard;
			sourceTree = "<group>";
		};
/* End PBXVariantGroup section */

/* Begin XCBuildConfiguration section */
		75BF793224AA43530071B1C0 /* Debug */ = {
			isa = XCBuildConfiguration;
			buildSettings = {
				ALWAYS_SEARCH_USER_PATHS = NO;
				CLANG_ANALYZER_NONNULL = YES;
				CLANG_ANALYZER_NUMBER_OBJECT_CONVERSION = YES_AGGRESSIVE;
				CLANG_CXX_LANGUAGE_STANDARD = "gnu++14";
				CLANG_CXX_LIBRARY = "libc++";
				CLANG_ENABLE_MODULES = YES;
				CLANG_ENABLE_OBJC_ARC = YES;
				CLANG_ENABLE_OBJC_WEAK = YES;
				CLANG_WARN_BLOCK_CAPTURE_AUTORELEASING = YES;
				CLANG_WARN_BOOL_CONVERSION = YES;
				CLANG_WARN_COMMA = YES;
				CLANG_WARN_CONSTANT_CONVERSION = YES;
				CLANG_WARN_DEPRECATED_OBJC_IMPLEMENTATIONS = YES;
				CLANG_WARN_DIRECT_OBJC_ISA_USAGE = YES_ERROR;
				CLANG_WARN_DOCUMENTATION_COMMENTS = YES;
				CLANG_WARN_EMPTY_BODY = YES;
				CLANG_WARN_ENUM_CONVERSION = YES;
				CLANG_WARN_INFINITE_RECURSION = YES;
				CLANG_WARN_INT_CONVERSION = YES;
				CLANG_WARN_NON_LITERAL_NULL_CONVERSION = YES;
				CLANG_WARN_OBJC_IMPLICIT_RETAIN_SELF = YES;
				CLANG_WARN_OBJC_LITERAL_CONVERSION = YES;
				CLANG_WARN_OBJC_ROOT_CLASS = YES_ERROR;
				CLANG_WARN_RANGE_LOOP_ANALYSIS = YES;
				CLANG_WARN_STRICT_PROTOTYPES = YES;
				CLANG_WARN_SUSPICIOUS_MOVE = YES;
				CLANG_WARN_UNGUARDED_AVAILABILITY = YES_AGGRESSIVE;
				CLANG_WARN_UNREACHABLE_CODE = YES;
				CLANG_WARN__DUPLICATE_METHOD_MATCH = YES;
				COPY_PHASE_STRIP = NO;
				DEBUG_INFORMATION_FORMAT = dwarf;
				ENABLE_STRICT_OBJC_MSGSEND = YES;
				ENABLE_TESTABILITY = YES;
				GCC_C_LANGUAGE_STANDARD = gnu11;
				GCC_DYNAMIC_NO_PIC = NO;
				GCC_NO_COMMON_BLOCKS = YES;
				GCC_OPTIMIZATION_LEVEL = 0;
				GCC_PREPROCESSOR_DEFINITIONS = (
					"DEBUG=1",
					"$(inherited)",
				);
				GCC_WARN_64_TO_32_BIT_CONVERSION = YES;
				GCC_WARN_ABOUT_RETURN_TYPE = YES_ERROR;
				GCC_WARN_UNDECLARED_SELECTOR = YES;
				GCC_WARN_UNINITIALIZED_AUTOS = YES_AGGRESSIVE;
				GCC_WARN_UNUSED_FUNCTION = YES;
				GCC_WARN_UNUSED_VARIABLE = YES;
				IPHONEOS_DEPLOYMENT_TARGET = 13.5;
				MTL_ENABLE_DEBUG_INFO = INCLUDE_SOURCE;
				MTL_FAST_MATH = YES;
				ONLY_ACTIVE_ARCH = YES;
				SDKROOT = iphoneos;
				SWIFT_ACTIVE_COMPILATION_CONDITIONS = DEBUG;
				SWIFT_OPTIMIZATION_LEVEL = "-Onone";
			};
			name = Debug;
		};
		75BF793324AA43530071B1C0 /* Release */ = {
			isa = XCBuildConfiguration;
			buildSettings = {
				ALWAYS_SEARCH_USER_PATHS = NO;
				CLANG_ANALYZER_NONNULL = YES;
				CLANG_ANALYZER_NUMBER_OBJECT_CONVERSION = YES_AGGRESSIVE;
				CLANG_CXX_LANGUAGE_STANDARD = "gnu++14";
				CLANG_CXX_LIBRARY = "libc++";
				CLANG_ENABLE_MODULES = YES;
				CLANG_ENABLE_OBJC_ARC = YES;
				CLANG_ENABLE_OBJC_WEAK = YES;
				CLANG_WARN_BLOCK_CAPTURE_AUTORELEASING = YES;
				CLANG_WARN_BOOL_CONVERSION = YES;
				CLANG_WARN_COMMA = YES;
				CLANG_WARN_CONSTANT_CONVERSION = YES;
				CLANG_WARN_DEPRECATED_OBJC_IMPLEMENTATIONS = YES;
				CLANG_WARN_DIRECT_OBJC_ISA_USAGE = YES_ERROR;
				CLANG_WARN_DOCUMENTATION_COMMENTS = YES;
				CLANG_WARN_EMPTY_BODY = YES;
				CLANG_WARN_ENUM_CONVERSION = YES;
				CLANG_WARN_INFINITE_RECURSION = YES;
				CLANG_WARN_INT_CONVERSION = YES;
				CLANG_WARN_NON_LITERAL_NULL_CONVERSION = YES;
				CLANG_WARN_OBJC_IMPLICIT_RETAIN_SELF = YES;
				CLANG_WARN_OBJC_LITERAL_CONVERSION = YES;
				CLANG_WARN_OBJC_ROOT_CLASS = YES_ERROR;
				CLANG_WARN_RANGE_LOOP_ANALYSIS = YES;
				CLANG_WARN_STRICT_PROTOTYPES = YES;
				CLANG_WARN_SUSPICIOUS_MOVE = YES;
				CLANG_WARN_UNGUARDED_AVAILABILITY = YES_AGGRESSIVE;
				CLANG_WARN_UNREACHABLE_CODE = YES;
				CLANG_WARN__DUPLICATE_METHOD_MATCH = YES;
				COPY_PHASE_STRIP = NO;
				DEBUG_INFORMATION_FORMAT = "dwarf-with-dsym";
				ENABLE_NS_ASSERTIONS = NO;
				ENABLE_STRICT_OBJC_MSGSEND = YES;
				GCC_C_LANGUAGE_STANDARD = gnu11;
				GCC_NO_COMMON_BLOCKS = YES;
				GCC_WARN_64_TO_32_BIT_CONVERSION = YES;
				GCC_WARN_ABOUT_RETURN_TYPE = YES_ERROR;
				GCC_WARN_UNDECLARED_SELECTOR = YES;
				GCC_WARN_UNINITIALIZED_AUTOS = YES_AGGRESSIVE;
				GCC_WARN_UNUSED_FUNCTION = YES;
				GCC_WARN_UNUSED_VARIABLE = YES;
				IPHONEOS_DEPLOYMENT_TARGET = 13.5;
				MTL_ENABLE_DEBUG_INFO = NO;
				MTL_FAST_MATH = YES;
				SDKROOT = iphoneos;
				SWIFT_COMPILATION_MODE = wholemodule;
				SWIFT_OPTIMIZATION_LEVEL = "-O";
				VALIDATE_PRODUCT = YES;
			};
			name = Release;
		};
		75BF793524AA43530071B1C0 /* Debug */ = {
			isa = XCBuildConfiguration;
			baseConfigurationReference = A215BD1049022C6391FEFD9A /* Pods-TestLeoVegas.debug.xcconfig */;
			buildSettings = {
				ASSETCATALOG_COMPILER_APPICON_NAME = AppIcon;
				CODE_SIGN_STYLE = Automatic;
				INFOPLIST_FILE = TestLeoVegas/Info.plist;
				IPHONEOS_DEPLOYMENT_TARGET = 13.0;
				LD_RUNPATH_SEARCH_PATHS = (
					"$(inherited)",
					"@executable_path/Frameworks",
				);
				PRODUCT_BUNDLE_IDENTIFIER = com.gsm.TestLeoVegas;
				PRODUCT_NAME = "$(TARGET_NAME)";
				SWIFT_VERSION = 5.0;
				TARGETED_DEVICE_FAMILY = "1,2";
			};
			name = Debug;
		};
		75BF793624AA43530071B1C0 /* Release */ = {
			isa = XCBuildConfiguration;
			baseConfigurationReference = 0F30168700F97174E20C7285 /* Pods-TestLeoVegas.release.xcconfig */;
			buildSettings = {
				ASSETCATALOG_COMPILER_APPICON_NAME = AppIcon;
				CODE_SIGN_STYLE = Automatic;
				INFOPLIST_FILE = TestLeoVegas/Info.plist;
				IPHONEOS_DEPLOYMENT_TARGET = 13.0;
				LD_RUNPATH_SEARCH_PATHS = (
					"$(inherited)",
					"@executable_path/Frameworks",
				);
				PRODUCT_BUNDLE_IDENTIFIER = com.gsm.TestLeoVegas;
				PRODUCT_NAME = "$(TARGET_NAME)";
				SWIFT_VERSION = 5.0;
				TARGETED_DEVICE_FAMILY = "1,2";
			};
			name = Release;
		};
		75BF793824AA43530071B1C0 /* Debug */ = {
			isa = XCBuildConfiguration;
			baseConfigurationReference = 5B01D48A3B096F7FA7FD31BD /* Pods-TestLeoVegasTests.debug.xcconfig */;
			buildSettings = {
				ALWAYS_EMBED_SWIFT_STANDARD_LIBRARIES = YES;
				BUNDLE_LOADER = "$(TEST_HOST)";
				CODE_SIGN_STYLE = Automatic;
				INFOPLIST_FILE = TestLeoVegasTests/Info.plist;
				IPHONEOS_DEPLOYMENT_TARGET = 13.5;
				LD_RUNPATH_SEARCH_PATHS = (
					"$(inherited)",
					"@executable_path/Frameworks",
					"@loader_path/Frameworks",
				);
				PRODUCT_BUNDLE_IDENTIFIER = com.gsm.TestLeoVegasTests;
				PRODUCT_NAME = "$(TARGET_NAME)";
				SWIFT_VERSION = 5.0;
				TARGETED_DEVICE_FAMILY = "1,2";
				TEST_HOST = "$(BUILT_PRODUCTS_DIR)/TestLeoVegas.app/TestLeoVegas";
			};
			name = Debug;
		};
		75BF793924AA43530071B1C0 /* Release */ = {
			isa = XCBuildConfiguration;
			baseConfigurationReference = F2C9895F37AF03456145CE15 /* Pods-TestLeoVegasTests.release.xcconfig */;
			buildSettings = {
				ALWAYS_EMBED_SWIFT_STANDARD_LIBRARIES = YES;
				BUNDLE_LOADER = "$(TEST_HOST)";
				CODE_SIGN_STYLE = Automatic;
				INFOPLIST_FILE = TestLeoVegasTests/Info.plist;
				IPHONEOS_DEPLOYMENT_TARGET = 13.5;
				LD_RUNPATH_SEARCH_PATHS = (
					"$(inherited)",
					"@executable_path/Frameworks",
					"@loader_path/Frameworks",
				);
				PRODUCT_BUNDLE_IDENTIFIER = com.gsm.TestLeoVegasTests;
				PRODUCT_NAME = "$(TARGET_NAME)";
				SWIFT_VERSION = 5.0;
				TARGETED_DEVICE_FAMILY = "1,2";
				TEST_HOST = "$(BUILT_PRODUCTS_DIR)/TestLeoVegas.app/TestLeoVegas";
			};
			name = Release;
		};
/* End XCBuildConfiguration section */

/* Begin XCConfigurationList section */
		75BF791024AA43520071B1C0 /* Build configuration list for PBXProject "TestLeoVegas" */ = {
			isa = XCConfigurationList;
			buildConfigurations = (
				75BF793224AA43530071B1C0 /* Debug */,
				75BF793324AA43530071B1C0 /* Release */,
			);
			defaultConfigurationIsVisible = 0;
			defaultConfigurationName = Release;
		};
		75BF793424AA43530071B1C0 /* Build configuration list for PBXNativeTarget "TestLeoVegas" */ = {
			isa = XCConfigurationList;
			buildConfigurations = (
				75BF793524AA43530071B1C0 /* Debug */,
				75BF793624AA43530071B1C0 /* Release */,
			);
			defaultConfigurationIsVisible = 0;
			defaultConfigurationName = Release;
		};
		75BF793724AA43530071B1C0 /* Build configuration list for PBXNativeTarget "TestLeoVegasTests" */ = {
			isa = XCConfigurationList;
			buildConfigurations = (
				75BF793824AA43530071B1C0 /* Debug */,
				75BF793924AA43530071B1C0 /* Release */,
			);
			defaultConfigurationIsVisible = 0;
			defaultConfigurationName = Release;
		};
/* End XCConfigurationList section */
	};
	rootObject = 75BF790D24AA43520071B1C0 /* Project object */;
}
