// !$*UTF8*$!
{
	archiveVersion = 1;
	classes = {
	};
	objectVersion = 51;
	objects = {

/* Begin PBXBuildFile section */
		55246A63B946FE00613B9ED8 /* Pods_TestLeoVegasTests.framework in Frameworks */ = {isa = PBXBuildFile; fileRef = D3F0AFC44F264B7C8C5367B2 /* Pods_TestLeoVegasTests.framework */; };
		75144E3924AF3FB0004ED6A3 /* InternetConnectionManager.swift in Sources */ = {isa = PBXBuildFile; fileRef = 75144E3824AF3FB0004ED6A3 /* InternetConnectionManager.swift */; };
		75144E3C24AF47B7004ED6A3 /* ViewController+Alert.swift in Sources */ = {isa = PBXBuildFile; fileRef = 75144E3B24AF47B7004ED6A3 /* ViewController+Alert.swift */; };
		751C1CBB24ACD5690023FB6F /* CalculatorMainViewModel.swift in Sources */ = {isa = PBXBuildFile; fileRef = 751C1CBA24ACD5690023FB6F /* CalculatorMainViewModel.swift */; };
		7520552C24AE249200A3983F /* CalculatorManager.swift in Sources */ = {isa = PBXBuildFile; fileRef = 7520552B24AE249200A3983F /* CalculatorManager.swift */; };
		7520553224AE55B700A3983F /* CalculatorFeatureToggle.swift in Sources */ = {isa = PBXBuildFile; fileRef = 7520553124AE55B700A3983F /* CalculatorFeatureToggle.swift */; };
		752D74AA24AF7F7C002C4EA9 /* Localized.strings in Resources */ = {isa = PBXBuildFile; fileRef = 752D74A824AF7F7C002C4EA9 /* Localized.strings */; };
		752D74AF24AF8093002C4EA9 /* swiftgen.yml in Resources */ = {isa = PBXBuildFile; fileRef = 752D74AE24AF8093002C4EA9 /* swiftgen.yml */; };
		752D74B524AF82FA002C4EA9 /* L10n.generated.swift in Sources */ = {isa = PBXBuildFile; fileRef = 752D74B424AF82FA002C4EA9 /* L10n.generated.swift */; };
		752D74B724AF8C67002C4EA9 /* Colors.xcassets in Resources */ = {isa = PBXBuildFile; fileRef = 752D74B624AF8C67002C4EA9 /* Colors.xcassets */; };
		752D74B924AF8D07002C4EA9 /* Colors.generated.swift in Sources */ = {isa = PBXBuildFile; fileRef = 752D74B824AF8D07002C4EA9 /* Colors.generated.swift */; };
		752D74BB24AF9028002C4EA9 /* CalculatorAllClearButton.swift in Sources */ = {isa = PBXBuildFile; fileRef = 752D74BA24AF9028002C4EA9 /* CalculatorAllClearButton.swift */; };
		752D74BD24AF90A8002C4EA9 /* CalculatorOperationButton.swift in Sources */ = {isa = PBXBuildFile; fileRef = 752D74BC24AF90A8002C4EA9 /* CalculatorOperationButton.swift */; };
		753D42CB24AB56A10046FA9F /* CalculatorNumberButton.swift in Sources */ = {isa = PBXBuildFile; fileRef = 753D42CA24AB56A10046FA9F /* CalculatorNumberButton.swift */; };
		7598D2927F32D5307B8C75B7 /* Pods_TestLeoVegas.framework in Frameworks */ = {isa = PBXBuildFile; fileRef = EB95EA2CCA7D1F7442247FD3 /* Pods_TestLeoVegas.framework */; };
		75BF791924AA43520071B1C0 /* AppDelegate.swift in Sources */ = {isa = PBXBuildFile; fileRef = 75BF791824AA43520071B1C0 /* AppDelegate.swift */; };
		75BF791B24AA43520071B1C0 /* SceneDelegate.swift in Sources */ = {isa = PBXBuildFile; fileRef = 75BF791A24AA43520071B1C0 /* SceneDelegate.swift */; };
		75BF792224AA43530071B1C0 /* Assets.xcassets in Resources */ = {isa = PBXBuildFile; fileRef = 75BF792124AA43530071B1C0 /* Assets.xcassets */; };
		75BF792524AA43530071B1C0 /* LaunchScreen.storyboard in Resources */ = {isa = PBXBuildFile; fileRef = 75BF792324AA43530071B1C0 /* LaunchScreen.storyboard */; };
		75BF793024AA43530071B1C0 /* TestLeoVegasTests.swift in Sources */ = {isa = PBXBuildFile; fileRef = 75BF792F24AA43530071B1C0 /* TestLeoVegasTests.swift */; };
		75BF793B24AA45950071B1C0 /* GoogleService-Info.plist in Resources */ = {isa = PBXBuildFile; fileRef = 75BF793A24AA45950071B1C0 /* GoogleService-Info.plist */; };
		75BF793D24AA47570071B1C0 /* Podfile in Resources */ = {isa = PBXBuildFile; fileRef = 75BF793C24AA47570071B1C0 /* Podfile */; };
		75BF794524AA5E620071B1C0 /* Coordinating.swift in Sources */ = {isa = PBXBuildFile; fileRef = 75BF794424AA5E620071B1C0 /* Coordinating.swift */; };
		75BF794724AA5E8A0071B1C0 /* AppCoordinator.swift in Sources */ = {isa = PBXBuildFile; fileRef = 75BF794624AA5E8A0071B1C0 /* AppCoordinator.swift */; };
		75BF794D24AA5F090071B1C0 /* CalculatorMainViewController.swift in Sources */ = {isa = PBXBuildFile; fileRef = 75BF794B24AA5F090071B1C0 /* CalculatorMainViewController.swift */; };
		75BF794E24AA5F090071B1C0 /* CalculatorMainViewController.xib in Resources */ = {isa = PBXBuildFile; fileRef = 75BF794C24AA5F090071B1C0 /* CalculatorMainViewController.xib */; };
		75BF795024AA5F4A0071B1C0 /* CalculatorCoordinator.swift in Sources */ = {isa = PBXBuildFile; fileRef = 75BF794F24AA5F4A0071B1C0 /* CalculatorCoordinator.swift */; };
		75BF795324AA5F690071B1C0 /* ViewModuleFactory.swift in Sources */ = {isa = PBXBuildFile; fileRef = 75BF795224AA5F690071B1C0 /* ViewModuleFactory.swift */; };
		75BF795524AA62BB0071B1C0 /* Main.storyboard in Resources */ = {isa = PBXBuildFile; fileRef = 75BF795424AA62BB0071B1C0 /* Main.storyboard */; };
/* End PBXBuildFile section */

/* Begin PBXContainerItemProxy section */
		75BF792C24AA43530071B1C0 /* PBXContainerItemProxy */ = {
			isa = PBXContainerItemProxy;
			containerPortal = 75BF790D24AA43520071B1C0 /* Project object */;
			proxyType = 1;
			remoteGlobalIDString = 75BF791424AA43520071B1C0;
			remoteInfo = TestLeoVegas;
		};
/* End PBXContainerItemProxy section */

/* Begin PBXFileReference section */
		1B00787DF84212B4B8CAADED /* Pods-TestLeoVegasTests.release.xcconfig */ = {isa = PBXFileReference; includeInIndex = 1; lastKnownFileType = text.xcconfig; name = "Pods-TestLeoVegasTests.release.xcconfig"; path = "Target Support Files/Pods-TestLeoVegasTests/Pods-TestLeoVegasTests.release.xcconfig"; sourceTree = "<group>"; };
		29873AF3A2E87BA9C0DA8206 /* Pods-TestLeoVegas.release.xcconfig */ = {isa = PBXFileReference; includeInIndex = 1; lastKnownFileType = text.xcconfig; name = "Pods-TestLeoVegas.release.xcconfig"; path = "Target Support Files/Pods-TestLeoVegas/Pods-TestLeoVegas.release.xcconfig"; sourceTree = "<group>"; };
		75144E3824AF3FB0004ED6A3 /* InternetConnectionManager.swift */ = {isa = PBXFileReference; lastKnownFileType = sourcecode.swift; path = InternetConnectionManager.swift; sourceTree = "<group>"; };
		75144E3B24AF47B7004ED6A3 /* ViewController+Alert.swift */ = {isa = PBXFileReference; lastKnownFileType = sourcecode.swift; path = "ViewController+Alert.swift"; sourceTree = "<group>"; };
		751C1CBA24ACD5690023FB6F /* CalculatorMainViewModel.swift */ = {isa = PBXFileReference; lastKnownFileType = sourcecode.swift; path = CalculatorMainViewModel.swift; sourceTree = "<group>"; };
		7520552B24AE249200A3983F /* CalculatorManager.swift */ = {isa = PBXFileReference; lastKnownFileType = sourcecode.swift; path = CalculatorManager.swift; sourceTree = "<group>"; };
		7520553124AE55B700A3983F /* CalculatorFeatureToggle.swift */ = {isa = PBXFileReference; lastKnownFileType = sourcecode.swift; path = CalculatorFeatureToggle.swift; sourceTree = "<group>"; };
		752D74A924AF7F7C002C4EA9 /* Base */ = {isa = PBXFileReference; lastKnownFileType = text.plist.strings; name = Base; path = Base.lproj/Localized.strings; sourceTree = "<group>"; };
		752D74AB24AF7FA7002C4EA9 /* es */ = {isa = PBXFileReference; lastKnownFileType = text.plist.strings; name = es; path = es.lproj/LaunchScreen.strings; sourceTree = "<group>"; };
		752D74AC24AF7FA8002C4EA9 /* es */ = {isa = PBXFileReference; lastKnownFileType = text.plist.strings; name = es; path = es.lproj/Localized.strings; sourceTree = "<group>"; };
		752D74AE24AF8093002C4EA9 /* swiftgen.yml */ = {isa = PBXFileReference; fileEncoding = 4; lastKnownFileType = text.yaml; path = swiftgen.yml; sourceTree = "<group>"; };
		752D74B424AF82FA002C4EA9 /* L10n.generated.swift */ = {isa = PBXFileReference; fileEncoding = 4; lastKnownFileType = sourcecode.swift; path = L10n.generated.swift; sourceTree = "<group>"; };
		752D74B624AF8C67002C4EA9 /* Colors.xcassets */ = {isa = PBXFileReference; lastKnownFileType = folder.assetcatalog; path = Colors.xcassets; sourceTree = "<group>"; };
		752D74B824AF8D07002C4EA9 /* Colors.generated.swift */ = {isa = PBXFileReference; fileEncoding = 4; lastKnownFileType = sourcecode.swift; path = Colors.generated.swift; sourceTree = "<group>"; };
		752D74BA24AF9028002C4EA9 /* CalculatorAllClearButton.swift */ = {isa = PBXFileReference; lastKnownFileType = sourcecode.swift; path = CalculatorAllClearButton.swift; sourceTree = "<group>"; };
		752D74BC24AF90A8002C4EA9 /* CalculatorOperationButton.swift */ = {isa = PBXFileReference; lastKnownFileType = sourcecode.swift; path = CalculatorOperationButton.swift; sourceTree = "<group>"; };
		753D42CA24AB56A10046FA9F /* CalculatorNumberButton.swift */ = {isa = PBXFileReference; lastKnownFileType = sourcecode.swift; path = CalculatorNumberButton.swift; sourceTree = "<group>"; };
		75BF791524AA43520071B1C0 /* TestLeoVegas.app */ = {isa = PBXFileReference; explicitFileType = wrapper.application; includeInIndex = 0; path = TestLeoVegas.app; sourceTree = BUILT_PRODUCTS_DIR; };
		75BF791824AA43520071B1C0 /* AppDelegate.swift */ = {isa = PBXFileReference; lastKnownFileType = sourcecode.swift; path = AppDelegate.swift; sourceTree = "<group>"; };
		75BF791A24AA43520071B1C0 /* SceneDelegate.swift */ = {isa = PBXFileReference; lastKnownFileType = sourcecode.swift; path = SceneDelegate.swift; sourceTree = "<group>"; };
		75BF792124AA43530071B1C0 /* Assets.xcassets */ = {isa = PBXFileReference; lastKnownFileType = folder.assetcatalog; path = Assets.xcassets; sourceTree = "<group>"; };
		75BF792424AA43530071B1C0 /* Base */ = {isa = PBXFileReference; lastKnownFileType = file.storyboard; name = Base; path = Base.lproj/LaunchScreen.storyboard; sourceTree = "<group>"; };
		75BF792624AA43530071B1C0 /* Info.plist */ = {isa = PBXFileReference; lastKnownFileType = text.plist.xml; path = Info.plist; sourceTree = "<group>"; };
		75BF792B24AA43530071B1C0 /* TestLeoVegasTests.xctest */ = {isa = PBXFileReference; explicitFileType = wrapper.cfbundle; includeInIndex = 0; path = TestLeoVegasTests.xctest; sourceTree = BUILT_PRODUCTS_DIR; };
		75BF792F24AA43530071B1C0 /* TestLeoVegasTests.swift */ = {isa = PBXFileReference; lastKnownFileType = sourcecode.swift; path = TestLeoVegasTests.swift; sourceTree = "<group>"; };
		75BF793124AA43530071B1C0 /* Info.plist */ = {isa = PBXFileReference; lastKnownFileType = text.plist.xml; path = Info.plist; sourceTree = "<group>"; };
		75BF793A24AA45950071B1C0 /* GoogleService-Info.plist */ = {isa = PBXFileReference; fileEncoding = 4; lastKnownFileType = text.plist.xml; path = "GoogleService-Info.plist"; sourceTree = "<group>"; };
		75BF793C24AA47570071B1C0 /* Podfile */ = {isa = PBXFileReference; fileEncoding = 4; lastKnownFileType = text; path = Podfile; sourceTree = "<group>"; xcLanguageSpecificationIdentifier = xcode.lang.ruby; };
		75BF794424AA5E620071B1C0 /* Coordinating.swift */ = {isa = PBXFileReference; fileEncoding = 4; lastKnownFileType = sourcecode.swift; path = Coordinating.swift; sourceTree = "<group>"; };
		75BF794624AA5E8A0071B1C0 /* AppCoordinator.swift */ = {isa = PBXFileReference; fileEncoding = 4; lastKnownFileType = sourcecode.swift; path = AppCoordinator.swift; sourceTree = "<group>"; };
		75BF794B24AA5F090071B1C0 /* CalculatorMainViewController.swift */ = {isa = PBXFileReference; lastKnownFileType = sourcecode.swift; path = CalculatorMainViewController.swift; sourceTree = "<group>"; };
		75BF794C24AA5F090071B1C0 /* CalculatorMainViewController.xib */ = {isa = PBXFileReference; lastKnownFileType = file.xib; path = CalculatorMainViewController.xib; sourceTree = "<group>"; };
		75BF794F24AA5F4A0071B1C0 /* CalculatorCoordinator.swift */ = {isa = PBXFileReference; lastKnownFileType = sourcecode.swift; path = CalculatorCoordinator.swift; sourceTree = "<group>"; };
		75BF795224AA5F690071B1C0 /* ViewModuleFactory.swift */ = {isa = PBXFileReference; lastKnownFileType = sourcecode.swift; path = ViewModuleFactory.swift; sourceTree = "<group>"; };
		75BF795424AA62BB0071B1C0 /* Main.storyboard */ = {isa = PBXFileReference; fileEncoding = 4; lastKnownFileType = file.storyboard; path = Main.storyboard; sourceTree = "<group>"; };
		B86CAAD912305544ED8ABF17 /* Pods-TestLeoVegasTests.debug.xcconfig */ = {isa = PBXFileReference; includeInIndex = 1; lastKnownFileType = text.xcconfig; name = "Pods-TestLeoVegasTests.debug.xcconfig"; path = "Target Support Files/Pods-TestLeoVegasTests/Pods-TestLeoVegasTests.debug.xcconfig"; sourceTree = "<group>"; };
		D3F0AFC44F264B7C8C5367B2 /* Pods_TestLeoVegasTests.framework */ = {isa = PBXFileReference; explicitFileType = wrapper.framework; includeInIndex = 0; path = Pods_TestLeoVegasTests.framework; sourceTree = BUILT_PRODUCTS_DIR; };
		D485B750C84AA44CD2299939 /* Pods-TestLeoVegas.debug.xcconfig */ = {isa = PBXFileReference; includeInIndex = 1; lastKnownFileType = text.xcconfig; name = "Pods-TestLeoVegas.debug.xcconfig"; path = "Target Support Files/Pods-TestLeoVegas/Pods-TestLeoVegas.debug.xcconfig"; sourceTree = "<group>"; };
		EB95EA2CCA7D1F7442247FD3 /* Pods_TestLeoVegas.framework */ = {isa = PBXFileReference; explicitFileType = wrapper.framework; includeInIndex = 0; path = Pods_TestLeoVegas.framework; sourceTree = BUILT_PRODUCTS_DIR; };
/* End PBXFileReference section */

/* Begin PBXFrameworksBuildPhase section */
		75BF791224AA43520071B1C0 /* Frameworks */ = {
			isa = PBXFrameworksBuildPhase;
			buildActionMask = 2147483647;
			files = (
				7598D2927F32D5307B8C75B7 /* Pods_TestLeoVegas.framework in Frameworks */,
			);
			runOnlyForDeploymentPostprocessing = 0;
		};
		75BF792824AA43530071B1C0 /* Frameworks */ = {
			isa = PBXFrameworksBuildPhase;
			buildActionMask = 2147483647;
			files = (
				55246A63B946FE00613B9ED8 /* Pods_TestLeoVegasTests.framework in Frameworks */,
			);
			runOnlyForDeploymentPostprocessing = 0;
		};
/* End PBXFrameworksBuildPhase section */

/* Begin PBXGroup section */
		75144E3724AF3F93004ED6A3 /* InternetConnection */ = {
			isa = PBXGroup;
			children = (
				75144E3824AF3FB0004ED6A3 /* InternetConnectionManager.swift */,
			);
			path = InternetConnection;
			sourceTree = "<group>";
		};
		75144E3A24AF47A2004ED6A3 /* Extensions */ = {
			isa = PBXGroup;
			children = (
				75144E3B24AF47B7004ED6A3 /* ViewController+Alert.swift */,
			);
			path = Extensions;
			sourceTree = "<group>";
		};
		7520552924AE247300A3983F /* Managers */ = {
			isa = PBXGroup;
			children = (
				75144E3724AF3F93004ED6A3 /* InternetConnection */,
				7520552A24AE248000A3983F /* CalculatorManager */,
			);
			path = Managers;
			sourceTree = "<group>";
		};
		7520552A24AE248000A3983F /* CalculatorManager */ = {
			isa = PBXGroup;
			children = (
				7520553024AE55A400A3983F /* Models */,
				7520552B24AE249200A3983F /* CalculatorManager.swift */,
			);
			path = CalculatorManager;
			sourceTree = "<group>";
		};
		7520553024AE55A400A3983F /* Models */ = {
			isa = PBXGroup;
			children = (
				7520553124AE55B700A3983F /* CalculatorFeatureToggle.swift */,
			);
			path = Models;
			sourceTree = "<group>";
		};
		752D74B324AF82DC002C4EA9 /* SwiftGen */ = {
			isa = PBXGroup;
			children = (
				752D74B424AF82FA002C4EA9 /* L10n.generated.swift */,
				752D74B824AF8D07002C4EA9 /* Colors.generated.swift */,
			);
			path = SwiftGen;
			sourceTree = "<group>";
		};
		752D74BE24AF9154002C4EA9 /* Buttons */ = {
			isa = PBXGroup;
			children = (
				753D42CA24AB56A10046FA9F /* CalculatorNumberButton.swift */,
				752D74BA24AF9028002C4EA9 /* CalculatorAllClearButton.swift */,
				752D74BC24AF90A8002C4EA9 /* CalculatorOperationButton.swift */,
			);
			path = Buttons;
			sourceTree = "<group>";
		};
		75BF790C24AA43520071B1C0 = {
			isa = PBXGroup;
			children = (
				75BF793C24AA47570071B1C0 /* Podfile */,
				752D74AE24AF8093002C4EA9 /* swiftgen.yml */,
				75BF791724AA43520071B1C0 /* TestLeoVegas */,
				75BF792E24AA43530071B1C0 /* TestLeoVegasTests */,
				75BF791624AA43520071B1C0 /* Products */,
				8710FC8BCB5174951CD97BF0 /* Pods */,
				F19C4DD19F1852D13B1F288C /* Frameworks */,
			);
			sourceTree = "<group>";
		};
		75BF791624AA43520071B1C0 /* Products */ = {
			isa = PBXGroup;
			children = (
				75BF791524AA43520071B1C0 /* TestLeoVegas.app */,
				75BF792B24AA43530071B1C0 /* TestLeoVegasTests.xctest */,
			);
			name = Products;
			sourceTree = "<group>";
		};
		75BF791724AA43520071B1C0 /* TestLeoVegas */ = {
			isa = PBXGroup;
			children = (
				752D74B324AF82DC002C4EA9 /* SwiftGen */,
				75BF794024AA5C030071B1C0 /* Resources */,
				75BF793F24AA5BFB0071B1C0 /* Source */,
				75BF792324AA43530071B1C0 /* LaunchScreen.storyboard */,
				752D74A824AF7F7C002C4EA9 /* Localized.strings */,
				75BF795424AA62BB0071B1C0 /* Main.storyboard */,
				75BF792624AA43530071B1C0 /* Info.plist */,
				75BF793A24AA45950071B1C0 /* GoogleService-Info.plist */,
			);
			path = TestLeoVegas;
			sourceTree = "<group>";
		};
		75BF792E24AA43530071B1C0 /* TestLeoVegasTests */ = {
			isa = PBXGroup;
			children = (
				75BF792F24AA43530071B1C0 /* TestLeoVegasTests.swift */,
				75BF793124AA43530071B1C0 /* Info.plist */,
			);
			path = TestLeoVegasTests;
			sourceTree = "<group>";
		};
		75BF793F24AA5BFB0071B1C0 /* Source */ = {
			isa = PBXGroup;
			children = (
				75144E3A24AF47A2004ED6A3 /* Extensions */,
				7520552924AE247300A3983F /* Managers */,
				75BF795124AA5F5D0071B1C0 /* Factories */,
				75BF794824AA5ED60071B1C0 /* ViewModules */,
				75BF794324AA5E450071B1C0 /* Protocols */,
				75BF794224AA5C370071B1C0 /* AppAndSceneDelegate */,
			);
			path = Source;
			sourceTree = "<group>";
		};
		75BF794024AA5C030071B1C0 /* Resources */ = {
			isa = PBXGroup;
			children = (
				75BF792124AA43530071B1C0 /* Assets.xcassets */,
				752D74B624AF8C67002C4EA9 /* Colors.xcassets */,
			);
			path = Resources;
			sourceTree = "<group>";
		};
		75BF794224AA5C370071B1C0 /* AppAndSceneDelegate */ = {
			isa = PBXGroup;
			children = (
				75BF794624AA5E8A0071B1C0 /* AppCoordinator.swift */,
				75BF791824AA43520071B1C0 /* AppDelegate.swift */,
				75BF791A24AA43520071B1C0 /* SceneDelegate.swift */,
			);
			path = AppAndSceneDelegate;
			sourceTree = "<group>";
		};
		75BF794324AA5E450071B1C0 /* Protocols */ = {
			isa = PBXGroup;
			children = (
				75BF794424AA5E620071B1C0 /* Coordinating.swift */,
			);
			path = Protocols;
			sourceTree = "<group>";
		};
		75BF794824AA5ED60071B1C0 /* ViewModules */ = {
			isa = PBXGroup;
			children = (
				75BF794924AA5EE60071B1C0 /* Calculator */,
			);
			path = ViewModules;
			sourceTree = "<group>";
		};
		75BF794924AA5EE60071B1C0 /* Calculator */ = {
			isa = PBXGroup;
			children = (
				75BF794F24AA5F4A0071B1C0 /* CalculatorCoordinator.swift */,
				75BF794A24AA5EF00071B1C0 /* MainView */,
			);
			path = Calculator;
			sourceTree = "<group>";
		};
		75BF794A24AA5EF00071B1C0 /* MainView */ = {
			isa = PBXGroup;
			children = (
				752D74BE24AF9154002C4EA9 /* Buttons */,
				75BF794B24AA5F090071B1C0 /* CalculatorMainViewController.swift */,
				751C1CBA24ACD5690023FB6F /* CalculatorMainViewModel.swift */,
				75BF794C24AA5F090071B1C0 /* CalculatorMainViewController.xib */,
			);
			path = MainView;
			sourceTree = "<group>";
		};
		75BF795124AA5F5D0071B1C0 /* Factories */ = {
			isa = PBXGroup;
			children = (
				75BF795224AA5F690071B1C0 /* ViewModuleFactory.swift */,
			);
			path = Factories;
			sourceTree = "<group>";
		};
		8710FC8BCB5174951CD97BF0 /* Pods */ = {
			isa = PBXGroup;
			children = (
				D485B750C84AA44CD2299939 /* Pods-TestLeoVegas.debug.xcconfig */,
				29873AF3A2E87BA9C0DA8206 /* Pods-TestLeoVegas.release.xcconfig */,
				B86CAAD912305544ED8ABF17 /* Pods-TestLeoVegasTests.debug.xcconfig */,
				1B00787DF84212B4B8CAADED /* Pods-TestLeoVegasTests.release.xcconfig */,
			);
			path = Pods;
			sourceTree = "<group>";
		};
		F19C4DD19F1852D13B1F288C /* Frameworks */ = {
			isa = PBXGroup;
			children = (
				EB95EA2CCA7D1F7442247FD3 /* Pods_TestLeoVegas.framework */,
				D3F0AFC44F264B7C8C5367B2 /* Pods_TestLeoVegasTests.framework */,
			);
			name = Frameworks;
			sourceTree = "<group>";
		};
/* End PBXGroup section */

/* Begin PBXNativeTarget section */
		75BF791424AA43520071B1C0 /* TestLeoVegas */ = {
			isa = PBXNativeTarget;
			buildConfigurationList = 75BF793424AA43530071B1C0 /* Build configuration list for PBXNativeTarget "TestLeoVegas" */;
			buildPhases = (
				F8E95608DD35484EBBB09FA1 /* [CP] Check Pods Manifest.lock */,
				75BF791124AA43520071B1C0 /* Sources */,
				75BF791224AA43520071B1C0 /* Frameworks */,
				75BF791324AA43520071B1C0 /* Resources */,
				75BF793E24AA4BCF0071B1C0 /* ShellScript */,
				8DFB173710A0B90C3E06C1CD /* [CP] Embed Pods Frameworks */,
			);
			buildRules = (
			);
			dependencies = (
			);
			name = TestLeoVegas;
			productName = TestLeoVegas;
			productReference = 75BF791524AA43520071B1C0 /* TestLeoVegas.app */;
			productType = "com.apple.product-type.application";
		};
		75BF792A24AA43530071B1C0 /* TestLeoVegasTests */ = {
			isa = PBXNativeTarget;
			buildConfigurationList = 75BF793724AA43530071B1C0 /* Build configuration list for PBXNativeTarget "TestLeoVegasTests" */;
			buildPhases = (
				F633326FF6DF347814CB0D0A /* [CP] Check Pods Manifest.lock */,
				75BF792724AA43530071B1C0 /* Sources */,
				75BF792824AA43530071B1C0 /* Frameworks */,
				75BF792924AA43530071B1C0 /* Resources */,
			);
			buildRules = (
			);
			dependencies = (
				75BF792D24AA43530071B1C0 /* PBXTargetDependency */,
			);
			name = TestLeoVegasTests;
			productName = TestLeoVegasTests;
			productReference = 75BF792B24AA43530071B1C0 /* TestLeoVegasTests.xctest */;
			productType = "com.apple.product-type.bundle.unit-test";
		};
/* End PBXNativeTarget section */

/* Begin PBXProject section */
		75BF790D24AA43520071B1C0 /* Project object */ = {
			isa = PBXProject;
			attributes = {
				LastSwiftUpdateCheck = 1150;
				LastUpgradeCheck = 1150;
				ORGANIZATIONNAME = "Ginés Sanchez";
				TargetAttributes = {
					75BF791424AA43520071B1C0 = {
						CreatedOnToolsVersion = 11.5;
					};
					75BF792A24AA43530071B1C0 = {
						CreatedOnToolsVersion = 11.5;
						TestTargetID = 75BF791424AA43520071B1C0;
					};
				};
			};
			buildConfigurationList = 75BF791024AA43520071B1C0 /* Build configuration list for PBXProject "TestLeoVegas" */;
			compatibilityVersion = "Xcode 9.3";
			developmentRegion = en;
			hasScannedForEncodings = 0;
			knownRegions = (
				en,
				Base,
				es,
			);
			mainGroup = 75BF790C24AA43520071B1C0;
			productRefGroup = 75BF791624AA43520071B1C0 /* Products */;
			projectDirPath = "";
			projectRoot = "";
			targets = (
				75BF791424AA43520071B1C0 /* TestLeoVegas */,
				75BF792A24AA43530071B1C0 /* TestLeoVegasTests */,
			);
		};
/* End PBXProject section */

/* Begin PBXResourcesBuildPhase section */
		75BF791324AA43520071B1C0 /* Resources */ = {
			isa = PBXResourcesBuildPhase;
			buildActionMask = 2147483647;
			files = (
				752D74B724AF8C67002C4EA9 /* Colors.xcassets in Resources */,
				75BF793D24AA47570071B1C0 /* Podfile in Resources */,
				75BF792524AA43530071B1C0 /* LaunchScreen.storyboard in Resources */,
				75BF793B24AA45950071B1C0 /* GoogleService-Info.plist in Resources */,
				752D74AF24AF8093002C4EA9 /* swiftgen.yml in Resources */,
				75BF795524AA62BB0071B1C0 /* Main.storyboard in Resources */,
				752D74AA24AF7F7C002C4EA9 /* Localized.strings in Resources */,
				75BF792224AA43530071B1C0 /* Assets.xcassets in Resources */,
				75BF794E24AA5F090071B1C0 /* CalculatorMainViewController.xib in Resources */,
			);
			runOnlyForDeploymentPostprocessing = 0;
		};
		75BF792924AA43530071B1C0 /* Resources */ = {
			isa = PBXResourcesBuildPhase;
			buildActionMask = 2147483647;
			files = (
			);
			runOnlyForDeploymentPostprocessing = 0;
		};
/* End PBXResourcesBuildPhase section */

/* Begin PBXShellScriptBuildPhase section */
		75BF793E24AA4BCF0071B1C0 /* ShellScript */ = {
			isa = PBXShellScriptBuildPhase;
			buildActionMask = 2147483647;
			files = (
			);
			inputFileListPaths = (
			);
			inputPaths = (
				"$(SRCROOT)/$(BUILT_PRODUCTS_DIR)/$(INFOPLIST_PATH)\n",
			);
			outputFileListPaths = (
			);
			outputPaths = (
			);
			runOnlyForDeploymentPostprocessing = 0;
			shellPath = /bin/sh;
			shellScript = "# Type a script or drag a script file from your workspace to insert its path.\n\"${PODS_ROOT}/FirebaseCrashlytics/run\"\n";
		};
		8DFB173710A0B90C3E06C1CD /* [CP] Embed Pods Frameworks */ = {
			isa = PBXShellScriptBuildPhase;
			buildActionMask = 2147483647;
			files = (
			);
			inputFileListPaths = (
				"${PODS_ROOT}/Target Support Files/Pods-TestLeoVegas/Pods-TestLeoVegas-frameworks-${CONFIGURATION}-input-files.xcfilelist",
			);
			name = "[CP] Embed Pods Frameworks";
			outputFileListPaths = (
				"${PODS_ROOT}/Target Support Files/Pods-TestLeoVegas/Pods-TestLeoVegas-frameworks-${CONFIGURATION}-output-files.xcfilelist",
			);
			runOnlyForDeploymentPostprocessing = 0;
			shellPath = /bin/sh;
			shellScript = "\"${PODS_ROOT}/Target Support Files/Pods-TestLeoVegas/Pods-TestLeoVegas-frameworks.sh\"\n";
			showEnvVarsInLog = 0;
		};
		F633326FF6DF347814CB0D0A /* [CP] Check Pods Manifest.lock */ = {
			isa = PBXShellScriptBuildPhase;
			buildActionMask = 2147483647;
			files = (
			);
			inputFileListPaths = (
			);
			inputPaths = (
				"${PODS_PODFILE_DIR_PATH}/Podfile.lock",
				"${PODS_ROOT}/Manifest.lock",
			);
			name = "[CP] Check Pods Manifest.lock";
			outputFileListPaths = (
			);
			outputPaths = (
				"$(DERIVED_FILE_DIR)/Pods-TestLeoVegasTests-checkManifestLockResult.txt",
			);
			runOnlyForDeploymentPostprocessing = 0;
			shellPath = /bin/sh;
			shellScript = "diff \"${PODS_PODFILE_DIR_PATH}/Podfile.lock\" \"${PODS_ROOT}/Manifest.lock\" > /dev/null\nif [ $? != 0 ] ; then\n    # print error to STDERR\n    echo \"error: The sandbox is not in sync with the Podfile.lock. Run 'pod install' or update your CocoaPods installation.\" >&2\n    exit 1\nfi\n# This output is used by Xcode 'outputs' to avoid re-running this script phase.\necho \"SUCCESS\" > \"${SCRIPT_OUTPUT_FILE_0}\"\n";
			showEnvVarsInLog = 0;
		};
		F8E95608DD35484EBBB09FA1 /* [CP] Check Pods Manifest.lock */ = {
			isa = PBXShellScriptBuildPhase;
			buildActionMask = 2147483647;
			files = (
			);
			inputFileListPaths = (
			);
			inputPaths = (
				"${PODS_PODFILE_DIR_PATH}/Podfile.lock",
				"${PODS_ROOT}/Manifest.lock",
			);
			name = "[CP] Check Pods Manifest.lock";
			outputFileListPaths = (
			);
			outputPaths = (
				"$(DERIVED_FILE_DIR)/Pods-TestLeoVegas-checkManifestLockResult.txt",
			);
			runOnlyForDeploymentPostprocessing = 0;
			shellPath = /bin/sh;
			shellScript = "diff \"${PODS_PODFILE_DIR_PATH}/Podfile.lock\" \"${PODS_ROOT}/Manifest.lock\" > /dev/null\nif [ $? != 0 ] ; then\n    # print error to STDERR\n    echo \"error: The sandbox is not in sync with the Podfile.lock. Run 'pod install' or update your CocoaPods installation.\" >&2\n    exit 1\nfi\n# This output is used by Xcode 'outputs' to avoid re-running this script phase.\necho \"SUCCESS\" > \"${SCRIPT_OUTPUT_FILE_0}\"\n";
			showEnvVarsInLog = 0;
		};
/* End PBXShellScriptBuildPhase section */

/* Begin PBXSourcesBuildPhase section */
		75BF791124AA43520071B1C0 /* Sources */ = {
			isa = PBXSourcesBuildPhase;
			buildActionMask = 2147483647;
			files = (
				75144E3C24AF47B7004ED6A3 /* ViewController+Alert.swift in Sources */,
				75BF795024AA5F4A0071B1C0 /* CalculatorCoordinator.swift in Sources */,
				75BF791924AA43520071B1C0 /* AppDelegate.swift in Sources */,
				752D74B524AF82FA002C4EA9 /* L10n.generated.swift in Sources */,
				75BF795324AA5F690071B1C0 /* ViewModuleFactory.swift in Sources */,
				75BF794724AA5E8A0071B1C0 /* AppCoordinator.swift in Sources */,
				7520553224AE55B700A3983F /* CalculatorFeatureToggle.swift in Sources */,
				75BF794524AA5E620071B1C0 /* Coordinating.swift in Sources */,
				752D74B924AF8D07002C4EA9 /* Colors.generated.swift in Sources */,
				75144E3924AF3FB0004ED6A3 /* InternetConnectionManager.swift in Sources */,
				75BF791B24AA43520071B1C0 /* SceneDelegate.swift in Sources */,
				75BF794D24AA5F090071B1C0 /* CalculatorMainViewController.swift in Sources */,
				7520552C24AE249200A3983F /* CalculatorManager.swift in Sources */,
				751C1CBB24ACD5690023FB6F /* CalculatorMainViewModel.swift in Sources */,
				753D42CB24AB56A10046FA9F /* CalculatorNumberButton.swift in Sources */,
				752D74BB24AF9028002C4EA9 /* CalculatorAllClearButton.swift in Sources */,
				752D74BD24AF90A8002C4EA9 /* CalculatorOperationButton.swift in Sources */,
			);
			runOnlyForDeploymentPostprocessing = 0;
		};
		75BF792724AA43530071B1C0 /* Sources */ = {
			isa = PBXSourcesBuildPhase;
			buildActionMask = 2147483647;
			files = (
				75BF793024AA43530071B1C0 /* TestLeoVegasTests.swift in Sources */,
			);
			runOnlyForDeploymentPostprocessing = 0;
		};
/* End PBXSourcesBuildPhase section */

/* Begin PBXTargetDependency section */
		75BF792D24AA43530071B1C0 /* PBXTargetDependency */ = {
			isa = PBXTargetDependency;
			target = 75BF791424AA43520071B1C0 /* TestLeoVegas */;
			targetProxy = 75BF792C24AA43530071B1C0 /* PBXContainerItemProxy */;
		};
/* End PBXTargetDependency section */

/* Begin PBXVariantGroup section */
		752D74A824AF7F7C002C4EA9 /* Localized.strings */ = {
			isa = PBXVariantGroup;
			children = (
				752D74A924AF7F7C002C4EA9 /* Base */,
				752D74AC24AF7FA8002C4EA9 /* es */,
			);
			name = Localized.strings;
			sourceTree = "<group>";
		};
		75BF792324AA43530071B1C0 /* LaunchScreen.storyboard */ = {
			isa = PBXVariantGroup;
			children = (
				75BF792424AA43530071B1C0 /* Base */,
				752D74AB24AF7FA7002C4EA9 /* es */,
			);
			name = LaunchScreen.storyboard;
			sourceTree = "<group>";
		};
/* End PBXVariantGroup section */

/* Begin XCBuildConfiguration section */
		75BF793224AA43530071B1C0 /* Debug */ = {
			isa = XCBuildConfiguration;
			buildSettings = {
				ALWAYS_SEARCH_USER_PATHS = NO;
				CLANG_ANALYZER_LOCALIZABILITY_NONLOCALIZED = YES;
				CLANG_ANALYZER_NONNULL = YES;
				CLANG_ANALYZER_NUMBER_OBJECT_CONVERSION = YES_AGGRESSIVE;
				CLANG_CXX_LANGUAGE_STANDARD = "gnu++14";
				CLANG_CXX_LIBRARY = "libc++";
				CLANG_ENABLE_MODULES = YES;
				CLANG_ENABLE_OBJC_ARC = YES;
				CLANG_ENABLE_OBJC_WEAK = YES;
				CLANG_WARN_BLOCK_CAPTURE_AUTORELEASING = YES;
				CLANG_WARN_BOOL_CONVERSION = YES;
				CLANG_WARN_COMMA = YES;
				CLANG_WARN_CONSTANT_CONVERSION = YES;
				CLANG_WARN_DEPRECATED_OBJC_IMPLEMENTATIONS = YES;
				CLANG_WARN_DIRECT_OBJC_ISA_USAGE = YES_ERROR;
				CLANG_WARN_DOCUMENTATION_COMMENTS = YES;
				CLANG_WARN_EMPTY_BODY = YES;
				CLANG_WARN_ENUM_CONVERSION = YES;
				CLANG_WARN_INFINITE_RECURSION = YES;
				CLANG_WARN_INT_CONVERSION = YES;
				CLANG_WARN_NON_LITERAL_NULL_CONVERSION = YES;
				CLANG_WARN_OBJC_IMPLICIT_RETAIN_SELF = YES;
				CLANG_WARN_OBJC_LITERAL_CONVERSION = YES;
				CLANG_WARN_OBJC_ROOT_CLASS = YES_ERROR;
				CLANG_WARN_RANGE_LOOP_ANALYSIS = YES;
				CLANG_WARN_STRICT_PROTOTYPES = YES;
				CLANG_WARN_SUSPICIOUS_MOVE = YES;
				CLANG_WARN_UNGUARDED_AVAILABILITY = YES_AGGRESSIVE;
				CLANG_WARN_UNREACHABLE_CODE = YES;
				CLANG_WARN__DUPLICATE_METHOD_MATCH = YES;
				COPY_PHASE_STRIP = NO;
				DEBUG_INFORMATION_FORMAT = "dwarf-with-dsym";
				ENABLE_STRICT_OBJC_MSGSEND = YES;
				ENABLE_TESTABILITY = YES;
				GCC_C_LANGUAGE_STANDARD = gnu11;
				GCC_DYNAMIC_NO_PIC = NO;
				GCC_NO_COMMON_BLOCKS = YES;
				GCC_OPTIMIZATION_LEVEL = 0;
				GCC_PREPROCESSOR_DEFINITIONS = (
					"DEBUG=1",
					"$(inherited)",
				);
				GCC_WARN_64_TO_32_BIT_CONVERSION = YES;
				GCC_WARN_ABOUT_RETURN_TYPE = YES_ERROR;
				GCC_WARN_UNDECLARED_SELECTOR = YES;
				GCC_WARN_UNINITIALIZED_AUTOS = YES_AGGRESSIVE;
				GCC_WARN_UNUSED_FUNCTION = YES;
				GCC_WARN_UNUSED_VARIABLE = YES;
				IPHONEOS_DEPLOYMENT_TARGET = 13.5;
				MTL_ENABLE_DEBUG_INFO = INCLUDE_SOURCE;
				MTL_FAST_MATH = YES;
				ONLY_ACTIVE_ARCH = YES;
				SDKROOT = iphoneos;
				SWIFT_ACTIVE_COMPILATION_CONDITIONS = DEBUG;
				SWIFT_OPTIMIZATION_LEVEL = "-Onone";
			};
			name = Debug;
		};
		75BF793324AA43530071B1C0 /* Release */ = {
			isa = XCBuildConfiguration;
			buildSettings = {
				ALWAYS_SEARCH_USER_PATHS = NO;
				CLANG_ANALYZER_LOCALIZABILITY_NONLOCALIZED = YES;
				CLANG_ANALYZER_NONNULL = YES;
				CLANG_ANALYZER_NUMBER_OBJECT_CONVERSION = YES_AGGRESSIVE;
				CLANG_CXX_LANGUAGE_STANDARD = "gnu++14";
				CLANG_CXX_LIBRARY = "libc++";
				CLANG_ENABLE_MODULES = YES;
				CLANG_ENABLE_OBJC_ARC = YES;
				CLANG_ENABLE_OBJC_WEAK = YES;
				CLANG_WARN_BLOCK_CAPTURE_AUTORELEASING = YES;
				CLANG_WARN_BOOL_CONVERSION = YES;
				CLANG_WARN_COMMA = YES;
				CLANG_WARN_CONSTANT_CONVERSION = YES;
				CLANG_WARN_DEPRECATED_OBJC_IMPLEMENTATIONS = YES;
				CLANG_WARN_DIRECT_OBJC_ISA_USAGE = YES_ERROR;
				CLANG_WARN_DOCUMENTATION_COMMENTS = YES;
				CLANG_WARN_EMPTY_BODY = YES;
				CLANG_WARN_ENUM_CONVERSION = YES;
				CLANG_WARN_INFINITE_RECURSION = YES;
				CLANG_WARN_INT_CONVERSION = YES;
				CLANG_WARN_NON_LITERAL_NULL_CONVERSION = YES;
				CLANG_WARN_OBJC_IMPLICIT_RETAIN_SELF = YES;
				CLANG_WARN_OBJC_LITERAL_CONVERSION = YES;
				CLANG_WARN_OBJC_ROOT_CLASS = YES_ERROR;
				CLANG_WARN_RANGE_LOOP_ANALYSIS = YES;
				CLANG_WARN_STRICT_PROTOTYPES = YES;
				CLANG_WARN_SUSPICIOUS_MOVE = YES;
				CLANG_WARN_UNGUARDED_AVAILABILITY = YES_AGGRESSIVE;
				CLANG_WARN_UNREACHABLE_CODE = YES;
				CLANG_WARN__DUPLICATE_METHOD_MATCH = YES;
				COPY_PHASE_STRIP = NO;
				DEBUG_INFORMATION_FORMAT = "dwarf-with-dsym";
				ENABLE_NS_ASSERTIONS = NO;
				ENABLE_STRICT_OBJC_MSGSEND = YES;
				GCC_C_LANGUAGE_STANDARD = gnu11;
				GCC_NO_COMMON_BLOCKS = YES;
				GCC_WARN_64_TO_32_BIT_CONVERSION = YES;
				GCC_WARN_ABOUT_RETURN_TYPE = YES_ERROR;
				GCC_WARN_UNDECLARED_SELECTOR = YES;
				GCC_WARN_UNINITIALIZED_AUTOS = YES_AGGRESSIVE;
				GCC_WARN_UNUSED_FUNCTION = YES;
				GCC_WARN_UNUSED_VARIABLE = YES;
				IPHONEOS_DEPLOYMENT_TARGET = 13.5;
				MTL_ENABLE_DEBUG_INFO = NO;
				MTL_FAST_MATH = YES;
				SDKROOT = iphoneos;
				SWIFT_COMPILATION_MODE = wholemodule;
				SWIFT_OPTIMIZATION_LEVEL = "-O";
				VALIDATE_PRODUCT = YES;
			};
			name = Release;
		};
		75BF793524AA43530071B1C0 /* Debug */ = {
			isa = XCBuildConfiguration;
			baseConfigurationReference = D485B750C84AA44CD2299939 /* Pods-TestLeoVegas.debug.xcconfig */;
			buildSettings = {
				ASSETCATALOG_COMPILER_APPICON_NAME = AppIcon;
				CODE_SIGN_STYLE = Automatic;
				DEVELOPMENT_TEAM = "";
				INFOPLIST_FILE = TestLeoVegas/Info.plist;
				IPHONEOS_DEPLOYMENT_TARGET = 13.0;
				LD_RUNPATH_SEARCH_PATHS = (
					"$(inherited)",
					"@executable_path/Frameworks",
				);
				PRODUCT_BUNDLE_IDENTIFIER = com.gsm.TestLeoVegas;
				PRODUCT_NAME = "$(TARGET_NAME)";
				SWIFT_VERSION = 5.0;
				TARGETED_DEVICE_FAMILY = "1,2";
			};
			name = Debug;
		};
		75BF793624AA43530071B1C0 /* Release */ = {
			isa = XCBuildConfiguration;
			baseConfigurationReference = 29873AF3A2E87BA9C0DA8206 /* Pods-TestLeoVegas.release.xcconfig */;
			buildSettings = {
				ASSETCATALOG_COMPILER_APPICON_NAME = AppIcon;
				CODE_SIGN_STYLE = Automatic;
				DEVELOPMENT_TEAM = "";
				INFOPLIST_FILE = TestLeoVegas/Info.plist;
				IPHONEOS_DEPLOYMENT_TARGET = 13.0;
				LD_RUNPATH_SEARCH_PATHS = (
					"$(inherited)",
					"@executable_path/Frameworks",
				);
				PRODUCT_BUNDLE_IDENTIFIER = com.gsm.TestLeoVegas;
				PRODUCT_NAME = "$(TARGET_NAME)";
				SWIFT_VERSION = 5.0;
				TARGETED_DEVICE_FAMILY = "1,2";
			};
			name = Release;
		};
		75BF793824AA43530071B1C0 /* Debug */ = {
			isa = XCBuildConfiguration;
			baseConfigurationReference = B86CAAD912305544ED8ABF17 /* Pods-TestLeoVegasTests.debug.xcconfig */;
			buildSettings = {
				ALWAYS_EMBED_SWIFT_STANDARD_LIBRARIES = YES;
				BUNDLE_LOADER = "$(TEST_HOST)";
				CODE_SIGN_STYLE = Automatic;
				INFOPLIST_FILE = TestLeoVegasTests/Info.plist;
				IPHONEOS_DEPLOYMENT_TARGET = 13.5;
				LD_RUNPATH_SEARCH_PATHS = (
					"$(inherited)",
					"@executable_path/Frameworks",
					"@loader_path/Frameworks",
				);
				PRODUCT_BUNDLE_IDENTIFIER = com.gsm.TestLeoVegasTests;
				PRODUCT_NAME = "$(TARGET_NAME)";
				SWIFT_VERSION = 5.0;
				TARGETED_DEVICE_FAMILY = "1,2";
				TEST_HOST = "$(BUILT_PRODUCTS_DIR)/TestLeoVegas.app/TestLeoVegas";
			};
			name = Debug;
		};
		75BF793924AA43530071B1C0 /* Release */ = {
			isa = XCBuildConfiguration;
			baseConfigurationReference = 1B00787DF84212B4B8CAADED /* Pods-TestLeoVegasTests.release.xcconfig */;
			buildSettings = {
				ALWAYS_EMBED_SWIFT_STANDARD_LIBRARIES = YES;
				BUNDLE_LOADER = "$(TEST_HOST)";
				CODE_SIGN_STYLE = Automatic;
				INFOPLIST_FILE = TestLeoVegasTests/Info.plist;
				IPHONEOS_DEPLOYMENT_TARGET = 13.5;
				LD_RUNPATH_SEARCH_PATHS = (
					"$(inherited)",
					"@executable_path/Frameworks",
					"@loader_path/Frameworks",
				);
				PRODUCT_BUNDLE_IDENTIFIER = com.gsm.TestLeoVegasTests;
				PRODUCT_NAME = "$(TARGET_NAME)";
				SWIFT_VERSION = 5.0;
				TARGETED_DEVICE_FAMILY = "1,2";
				TEST_HOST = "$(BUILT_PRODUCTS_DIR)/TestLeoVegas.app/TestLeoVegas";
			};
			name = Release;
		};
/* End XCBuildConfiguration section */

/* Begin XCConfigurationList section */
		75BF791024AA43520071B1C0 /* Build configuration list for PBXProject "TestLeoVegas" */ = {
			isa = XCConfigurationList;
			buildConfigurations = (
				75BF793224AA43530071B1C0 /* Debug */,
				75BF793324AA43530071B1C0 /* Release */,
			);
			defaultConfigurationIsVisible = 0;
			defaultConfigurationName = Release;
		};
		75BF793424AA43530071B1C0 /* Build configuration list for PBXNativeTarget "TestLeoVegas" */ = {
			isa = XCConfigurationList;
			buildConfigurations = (
				75BF793524AA43530071B1C0 /* Debug */,
				75BF793624AA43530071B1C0 /* Release */,
			);
			defaultConfigurationIsVisible = 0;
			defaultConfigurationName = Release;
		};
		75BF793724AA43530071B1C0 /* Build configuration list for PBXNativeTarget "TestLeoVegasTests" */ = {
			isa = XCConfigurationList;
			buildConfigurations = (
				75BF793824AA43530071B1C0 /* Debug */,
				75BF793924AA43530071B1C0 /* Release */,
			);
			defaultConfigurationIsVisible = 0;
			defaultConfigurationName = Release;
		};
/* End XCConfigurationList section */
	};
	rootObject = 75BF790D24AA43520071B1C0 /* Project object */;
}
